
Microsoft Visual Studio Solution File, Format Version 12.00
# Visual Studio Version 16
VisualStudioVersion = 16.0.30128.74
MinimumVisualStudioVersion = 10.0.40219.1
Project("{9A19103F-16F7-4668-BE54-9A1E7A4F7556}") = "ForecastWebApi", "ForecastWebApi\ForecastWebApi.csproj", "{95730CCF-AE56-49E6-B547-7C0D5A90416E}"
EndProject
Project("{E53339B2-1760-4266-BCC7-CA923CBCF16C}") = "docker-compose", "docker-compose.dcproj", "{9F9899A8-5939-4401-99C0-173209363667}"
EndProject
Global
	GlobalSection(SolutionConfigurationPlatforms) = preSolution
		Debug|Any CPU = Debug|Any CPU
		Release|Any CPU = Release|Any CPU
	EndGlobalSection
	GlobalSection(ProjectConfigurationPlatforms) = postSolution
		{95730CCF-AE56-49E6-B547-7C0D5A90416E}.Debug|Any CPU.ActiveCfg = Debug|Any CPU
		{95730CCF-AE56-49E6-B547-7C0D5A90416E}.Debug|Any CPU.Build.0 = Debug|Any CPU
		{95730CCF-AE56-49E6-B547-7C0D5A90416E}.Release|Any CPU.ActiveCfg = Release|Any CPU
		{95730CCF-AE56-49E6-B547-7C0D5A90416E}.Release|Any CPU.Build.0 = Release|Any CPU
		{9F9899A8-5939-4401-99C0-173209363667}.Debug|Any CPU.ActiveCfg = Debug|Any CPU
		{9F9899A8-5939-4401-99C0-173209363667}.Debug|Any CPU.Build.0 = Debug|Any CPU
		{9F9899A8-5939-4401-99C0-173209363667}.Release|Any CPU.ActiveCfg = Release|Any CPU
		{9F9899A8-5939-4401-99C0-173209363667}.Release|Any CPU.Build.0 = Release|Any CPU
	EndGlobalSection
	GlobalSection(SolutionProperties) = preSolution
		HideSolutionNode = FALSE
	EndGlobalSection
	GlobalSection(ExtensibilityGlobals) = postSolution
		SolutionGuid = {CCF3EE53-E5B8-4F25-B59C-6E5500CA19EF}
	EndGlobalSection
EndGlobal
